
Microsoft Visual Studio Solution File, Format Version 12.00
# Visual Studio 15
VisualStudioVersion = 15.0.28010.0
MinimumVisualStudioVersion = 10.0.40219.1
Project("{FAE04EC0-301F-11D3-BF4B-00C04F79EFBC}") = "WebService", "WebService\WebService.csproj", "{3C110AF5-1800-42CD-82EE-D02E70EA1A2D}"
EndProject
Global
	GlobalSection(SolutionConfigurationPlatforms) = preSolution
		Debug|Any CPU = Debug|Any CPU
		Release|Any CPU = Release|Any CPU
	EndGlobalSection
	GlobalSection(ProjectConfigurationPlatforms) = postSolution
		{3C110AF5-1800-42CD-82EE-D02E70EA1A2D}.Debug|Any CPU.ActiveCfg = Debug|Any CPU
		{3C110AF5-1800-42CD-82EE-D02E70EA1A2D}.Debug|Any CPU.Build.0 = Debug|Any CPU
		{3C110AF5-1800-42CD-82EE-D02E70EA1A2D}.Release|Any CPU.ActiveCfg = Release|Any CPU
		{3C110AF5-1800-42CD-82EE-D02E70EA1A2D}.Release|Any CPU.Build.0 = Release|Any CPU
	EndGlobalSection
	GlobalSection(SolutionProperties) = preSolution
		HideSolutionNode = FALSE
	EndGlobalSection
	GlobalSection(ExtensibilityGlobals) = postSolution
		SolutionGuid = {0E627F73-38B4-404D-B0DD-DF7462CC1748}
	EndGlobalSection
EndGlobal
